
Microsoft Visual Studio Solution File, Format Version 12.00
# Visual Studio Version 16
VisualStudioVersion = 16.0.30717.126
MinimumVisualStudioVersion = 10.0.40219.1
Project("{FAE04EC0-301F-11D3-BF4B-00C04F79EFBC}") = "RatingSystemHotel", "RatingSystemHotel\RatingSystemHotel.csproj", "{3D87F560-DBC3-4335-ABF6-6C2139FBFC6F}"
EndProject
Global
	GlobalSection(SolutionConfigurationPlatforms) = preSolution
		Debug|Any CPU = Debug|Any CPU
		Release|Any CPU = Release|Any CPU
	EndGlobalSection
	GlobalSection(ProjectConfigurationPlatforms) = postSolution
		{3D87F560-DBC3-4335-ABF6-6C2139FBFC6F}.Debug|Any CPU.ActiveCfg = Debug|Any CPU
		{3D87F560-DBC3-4335-ABF6-6C2139FBFC6F}.Debug|Any CPU.Build.0 = Debug|Any CPU
		{3D87F560-DBC3-4335-ABF6-6C2139FBFC6F}.Release|Any CPU.ActiveCfg = Release|Any CPU
		{3D87F560-DBC3-4335-ABF6-6C2139FBFC6F}.Release|Any CPU.Build.0 = Release|Any CPU
	EndGlobalSection
	GlobalSection(SolutionProperties) = preSolution
		HideSolutionNode = FALSE
	EndGlobalSection
	GlobalSection(ExtensibilityGlobals) = postSolution
		SolutionGuid = {E60C7BF5-E8CF-4B99-BC6C-D6646589EAFD}
	EndGlobalSection
EndGlobal
